# THIS IS AN AUTOGENERATED FILE. DO NOT EDIT THIS FILE DIRECTLY.
# yarn lockfile v1


"@types/aws-lambda@^8.10.19":
  version "8.10.57"
  resolved "https://registry.yarnpkg.com/@types/aws-lambda/-/aws-lambda-8.10.57.tgz#39ca3bbe52c5b4e27dc83c2a3b5ed434834568b9"
  integrity sha512-LMOA9bJLerYoe2KvzHugfaLTa0jUPWrqwxq5VUZ/ZuAMKLJm6oNdCio38vw8jWEIAkPR3P6mBIwnU1DPgelAKg==

expressjs@^1.0.1:
  version "1.0.1"
  resolved "https://registry.yarnpkg.com/expressjs/-/expressjs-1.0.1.tgz#220328469a18df5ad615e2b7a0ce995f17fbaeef"
  integrity sha1-IgMoRpoY31rWFeK3oM6ZXxf7ru8=

foreachasync@^3.0.0:
  version "3.0.0"
  resolved "https://registry.yarnpkg.com/foreachasync/-/foreachasync-3.0.0.tgz#5502987dc8714be3392097f32e0071c9dee07cf6"
  integrity sha1-VQKYfchxS+M5IJfzLgBxyd7gfPY=

handlebars@4.7.6:
  version "4.7.6"
  resolved "https://registry.yarnpkg.com/handlebars/-/handlebars-4.7.6.tgz#d4c05c1baf90e9945f77aa68a7a219aa4a7df74e"
  integrity sha512-1f2BACcBfiwAfStCKZNrUCgqNZkGsAT7UM3kkYtXuLo0KnaVfjKOyf7PRzB6++aK9STyT1Pd2ZCPe3EGOXleXA==
  dependencies:
    minimist "^1.2.5"
    neo-async "^2.6.0"
    source-map "^0.6.1"
    wordwrap "^1.0.0"
  optionalDependencies:
    uglify-js "^3.1.4"

hbs@^4.1.1:
  version "4.1.1"
  resolved "https://registry.yarnpkg.com/hbs/-/hbs-4.1.1.tgz#8aab17ca6ae70f9aaa225278bed7af31011254b7"
  integrity sha512-6QsbB4RwbpL4cb4DNyjEEPF+suwp+3yZqFVlhILEn92ScC0U4cDCR+FDX53jkfKJPhutcqhAvs+rOLZw5sQrDA==
  dependencies:
    handlebars "4.7.6"
    walk "2.3.14"

minimist@^1.2.5:
  version "1.2.5"
  resolved "https://registry.yarnpkg.com/minimist/-/minimist-1.2.5.tgz#67d66014b66a6a8aaa0c083c5fd58df4e4e97602"
  integrity sha512-FM9nNUYrRBAELZQT3xeZQ7fmMOBg6nWNmJKTcgsJeaLstP/UODVpGsr5OhXhhXg6f+qtJ8uiZ+PUxkDWcgIXLw==

neo-async@^2.6.0:
  version "2.6.1"
  resolved "https://registry.yarnpkg.com/neo-async/-/neo-async-2.6.1.tgz#ac27ada66167fa8849a6addd837f6b189ad2081c"
  integrity sha512-iyam8fBuCUpWeKPGpaNMetEocMt364qkCsfL9JuhjXX6dRnguRVOfk2GZaDpPjcOKiiXCPINZC1GczQ7iTq3Zw==

serverless-http@^2.5.0:
  version "2.5.0"
  resolved "https://registry.yarnpkg.com/serverless-http/-/serverless-http-2.5.0.tgz#3fb3edbf1d1ab5cff966ef9fe14500506f05ef89"
  integrity sha512-p0c1aTQ7mLZEtQkaP+K/zT4zFUY1YZs+mRlw/Q0yl+HptJL6IOLLylx6WXXFlQoH5+uUibivRzBbNotatvqDkg==
  optionalDependencies:
    "@types/aws-lambda" "^8.10.19"

source-map@^0.6.1:
  version "0.6.1"
  resolved "https://registry.yarnpkg.com/source-map/-/source-map-0.6.1.tgz#74722af32e9614e9c287a8d0bbde48b5e2f1a263"
  integrity sha512-UjgapumWlbMhkBgzT7Ykc5YXUT46F0iKu8SGXq0bcwP5dz/h0Plj6enJqjz1Zbq2l5WaqYnrVbwWOWMyF3F47g==

uglify-js@^3.1.4:
  version "3.10.0"
  resolved "https://registry.yarnpkg.com/uglify-js/-/uglify-js-3.10.0.tgz#397a7e6e31ce820bfd1cb55b804ee140c587a9e7"
  integrity sha512-Esj5HG5WAyrLIdYU74Z3JdG2PxdIusvj6IWHMtlyESxc7kcDz7zYlYjpnSokn1UbpV0d/QX9fan7gkCNd/9BQA==

walk@2.3.14:
  version "2.3.14"
  resolved "https://registry.yarnpkg.com/walk/-/walk-2.3.14.tgz#60ec8631cfd23276ae1e7363ce11d626452e1ef3"
  integrity sha512-5skcWAUmySj6hkBdH6B6+3ddMjVQYH5Qy9QGbPmN8kVmLteXk+yVXg+yfk1nbX30EYakahLrr8iPcCxJQSCBeg==
  dependencies:
    foreachasync "^3.0.0"

wordwrap@^1.0.0:
  version "1.0.0"
  resolved "https://registry.yarnpkg.com/wordwrap/-/wordwrap-1.0.0.tgz#27584810891456a4171c8d0226441ade90cbcaeb"
  integrity sha1-J1hIEIkUVqQXHI0CJkQa3pDLyus=
