# THIS IS AN AUTOGENERATED FILE. DO NOT EDIT THIS FILE DIRECTLY.
# yarn lockfile v1


"@types/aws-lambda@^8.10.19":
  version "8.10.57"
  resolved "https://registry.yarnpkg.com/@types/aws-lambda/-/aws-lambda-8.10.57.tgz#39ca3bbe52c5b4e27dc83c2a3b5ed434834568b9"
  integrity sha512-LMOA9bJLerYoe2KvzHugfaLTa0jUPWrqwxq5VUZ/ZuAMKLJm6oNdCio38vw8jWEIAkPR3P6mBIwnU1DPgelAKg==

expressjs@^1.0.1:
  version "1.0.1"
  resolved "https://registry.yarnpkg.com/expressjs/-/expressjs-1.0.1.tgz#220328469a18df5ad615e2b7a0ce995f17fbaeef"
  integrity sha1-IgMoRpoY31rWFeK3oM6ZXxf7ru8=

minimist@^1.2.5:
  version "1.2.5"
  resolved "https://registry.yarnpkg.com/minimist/-/minimist-1.2.5.tgz#67d66014b66a6a8aaa0c083c5fd58df4e4e97602"
  integrity sha512-FM9nNUYrRBAELZQT3xeZQ7fmMOBg6nWNmJKTcgsJeaLstP/UODVpGsr5OhXhhXg6f+qtJ8uiZ+PUxkDWcgIXLw==

serverless-http@^2.5.0:
  version "2.5.0"
  resolved "https://registry.yarnpkg.com/serverless-http/-/serverless-http-2.5.0.tgz#3fb3edbf1d1ab5cff966ef9fe14500506f05ef89"
  integrity sha512-p0c1aTQ7mLZEtQkaP+K/zT4zFUY1YZs+mRlw/Q0yl+HptJL6IOLLylx6WXXFlQoH5+uUibivRzBbNotatvqDkg==
  optionalDependencies:
    "@types/aws-lambda" "^8.10.19"
